{
  "version": 4,
  "terraform_version": "0.15.0",
  "serial": 7,
  "lineage": "3b1d1bca-b3fb-2169-d5e0-ce6d2557e1eb",
  "outputs": {
    "bucketname": {
      "value": "ibm-terraform-bucket-ashish",
      "type": "string"
    }
  },
  "resources": [
    {
      "mode": "managed",
      "type": "aws_s3_bucket",
      "name": "tf_code",
      "provider": "provider[\"registry.terraform.io/hashicorp/aws\"]",
      "instances": [
        {
          "schema_version": 0,
          "attributes": {
            "acceleration_status": "",
            "acl": "private",
            "arn": "arn:aws:s3:::ibm-terraform-bucket-ashish",
            "bucket": "ibm-terraform-bucket-ashish",
            "bucket_domain_name": "ibm-terraform-bucket-ashish.s3.amazonaws.com",
            "bucket_prefix": null,
            "bucket_regional_domain_name": "ibm-terraform-bucket-ashish.s3.ap-south-1.amazonaws.com",
            "cors_rule": [],
            "force_destroy": true,
            "grant": [],
            "hosted_zone_id": "Z11RGJOFQNVJUP",
            "id": "ibm-terraform-bucket-ashish",
            "lifecycle_rule": [],
            "logging": [],
            "object_lock_configuration": [],
            "policy": null,
            "region": "ap-south-1",
            "replication_configuration": [],
            "request_payer": "BucketOwner",
            "server_side_encryption_configuration": [],
            "tags": {
              "Name": "tf_bucket"
            },
            "tags_all": {
              "Name": "tf_bucket"
            },
            "versioning": [
              {
                "enabled": false,
                "mfa_delete": false
              }
            ],
            "website": [],
            "website_domain": null,
            "website_endpoint": null
          },
          "sensitive_attributes": [],
          "private": "bnVsbA=="
        }
      ]
    }
  ]
}
